
Microsoft Visual Studio Solution File, Format Version 12.00
# Visual Studio Version 17
VisualStudioVersion = 17.13.35828.75 d17.13
MinimumVisualStudioVersion = 10.0.40219.1
Project("{FAE04EC0-301F-11D3-BF4B-00C04F79EFBC}") = "FolderMailer", "FolderMailer.csproj", "{3C158014-7BB3-4B15-A98E-55BBFAD03821}"
EndProject
Global
	GlobalSection(SolutionConfigurationPlatforms) = preSolution
		Debug|Any CPU = Debug|Any CPU
		Release|Any CPU = Release|Any CPU
	EndGlobalSection
	GlobalSection(ProjectConfigurationPlatforms) = postSolution
		{3C158014-7BB3-4B15-A98E-55BBFAD03821}.Debug|Any CPU.ActiveCfg = Debug|Any CPU
		{3C158014-7BB3-4B15-A98E-55BBFAD03821}.Debug|Any CPU.Build.0 = Debug|Any CPU
		{3C158014-7BB3-4B15-A98E-55BBFAD03821}.Release|Any CPU.ActiveCfg = Release|Any CPU
		{3C158014-7BB3-4B15-A98E-55BBFAD03821}.Release|Any CPU.Build.0 = Release|Any CPU
	EndGlobalSection
	GlobalSection(SolutionProperties) = preSolution
		HideSolutionNode = FALSE
	EndGlobalSection
	GlobalSection(ExtensibilityGlobals) = postSolution
		SolutionGuid = {786FA353-EF6F-4AB6-BC5F-86705BB520D8}
	EndGlobalSection
EndGlobal
